
Microsoft Visual Studio Solution File, Format Version 12.00
# Visual Studio Version 16
VisualStudioVersion = 16.0.30717.126
MinimumVisualStudioVersion = 10.0.40219.1
Project("{9A19103F-16F7-4668-BE54-9A1E7A4F7556}") = "NamespacePractice", "NamespacePractice\NamespacePractice.csproj", "{71643A1B-1E33-4878-A8E8-9A876414B9EE}"
EndProject
Project("{FAE04EC0-301F-11D3-BF4B-00C04F79EFBC}") = "TwillioCaller", "TwillioCaller\TwillioCaller.csproj", "{0B8140B2-3CCD-4920-ADAC-747CEE2B61F0}"
EndProject
Global
	GlobalSection(SolutionConfigurationPlatforms) = preSolution
		Debug|Any CPU = Debug|Any CPU
		Release|Any CPU = Release|Any CPU
	EndGlobalSection
	GlobalSection(ProjectConfigurationPlatforms) = postSolution
		{71643A1B-1E33-4878-A8E8-9A876414B9EE}.Debug|Any CPU.ActiveCfg = Debug|Any CPU
		{71643A1B-1E33-4878-A8E8-9A876414B9EE}.Debug|Any CPU.Build.0 = Debug|Any CPU
		{71643A1B-1E33-4878-A8E8-9A876414B9EE}.Release|Any CPU.ActiveCfg = Release|Any CPU
		{71643A1B-1E33-4878-A8E8-9A876414B9EE}.Release|Any CPU.Build.0 = Release|Any CPU
		{0B8140B2-3CCD-4920-ADAC-747CEE2B61F0}.Debug|Any CPU.ActiveCfg = Debug|Any CPU
		{0B8140B2-3CCD-4920-ADAC-747CEE2B61F0}.Debug|Any CPU.Build.0 = Debug|Any CPU
		{0B8140B2-3CCD-4920-ADAC-747CEE2B61F0}.Release|Any CPU.ActiveCfg = Release|Any CPU
		{0B8140B2-3CCD-4920-ADAC-747CEE2B61F0}.Release|Any CPU.Build.0 = Release|Any CPU
	EndGlobalSection
	GlobalSection(SolutionProperties) = preSolution
		HideSolutionNode = FALSE
	EndGlobalSection
	GlobalSection(ExtensibilityGlobals) = postSolution
		SolutionGuid = {9BF591ED-E07F-4B0E-9587-3AD93B86D97C}
	EndGlobalSection
EndGlobal
